<?xml version="1.0" encoding="utf-8"?>
<Project ToolsVersion="4.0" xmlns="http://schemas.microsoft.com/developer/msbuild/2003">
  <ItemGroup>
    <ClCompile Include="src\ZGBMain.c">
      <Filter>src</Filter>
    </ClCompile>
    <ClCompile Include="src\Trig.c">
      <Filter>src</Filter>
    </ClCompile>
    <ClCompile Include="src\SpriteBall.c">
      <Filter>src\Sprites</Filter>
    </ClCompile>
    <ClCompile Include="src\SpritePlayer.c">
      <Filter>src\Sprites</Filter>
    </ClCompile>
    <ClCompile Include="src\StateGame.c">
      <Filter>src\States</Filter>
    </ClCompile>
    <ClCompile Include="src\StateLevelIntro.c">
      <Filter>src\States</Filter>
    </ClCompile>
    <ClCompile Include="src\StateSplash.c">
      <Filter>src\States</Filter>
    </ClCompile>
    <ClCompile Include="src\StateWin.c">
      <Filter>src\States</Filter>
    </ClCompile>
  </ItemGroup>
  <ItemGroup>
    <ClInclude Include="include\Trig.h">
      <Filter>include</Filter>
    </ClInclude>
    <ClInclude Include="include\ZGBMain.h">
      <Filter>include</Filter>
    </ClInclude>
  </ItemGroup>
  <ItemGroup>
    <None Include="src\Makefile" />
  </ItemGroup>
  <ItemGroup>
    <Filter Include="include">
      <UniqueIdentifier>{c5bf4234-da8b-45aa-8e95-bc65782ff684}</UniqueIdentifier>
    </Filter>
    <Filter Include="src">
      <UniqueIdentifier>{d053d6a1-29d7-4276-85cb-b2a61568fc6c}</UniqueIdentifier>
    </Filter>
    <Filter Include="src\States">
      <UniqueIdentifier>{8a0b1f2f-07f9-4df2-b3ed-3c26d2434f7e}</UniqueIdentifier>
    </Filter>
    <Filter Include="src\Sprites">
      <UniqueIdentifier>{0c291f4a-c42a-4a21-8be6-ce70debfae1b}</UniqueIdentifier>
    </Filter>
  </ItemGroup>
</Project>